dependencies:
  cmd_nvs:
    component_hash: null
    source:
      path: /home/jan/.EspressIf/esp-idf/examples/system/console/advanced/components/cmd_nvs
      type: local
    version: '*'
  cmd_system:
    component_hash: null
    source:
      path: /home/jan/.EspressIf/esp-idf/examples/system/console/advanced/components/cmd_system
      type: local
    version: '*'
  cmd_wifi:
    component_hash: null
    source:
      path: /home/jan/.EspressIf/esp-idf/examples/system/console/advanced/components/cmd_wifi
      type: local
    version: '*'
  idf:
    component_hash: null
    source:
      type: idf
    version: 5.2.0
manifest_hash: 62f058877be24d1482eb7b4c911d2c63c664afe954e17205198f5b832b27289f
target: esp32s3
version: 1.0.0
